
Microsoft Visual Studio Solution File, Format Version 12.00
# Visual Studio Version 17
VisualStudioVersion = 17.3.32929.385
MinimumVisualStudioVersion = 10.0.40219.1
Project("{FAE04EC0-301F-11D3-BF4B-00C04F79EFBC}") = "ExForStudents", "ExForStudents\ExForStudents.csproj", "{ED52C80F-F8D9-4140-9175-D1DEAF72571F}"
EndProject
Global
	GlobalSection(SolutionConfigurationPlatforms) = preSolution
		Debug|Any CPU = Debug|Any CPU
		Release|Any CPU = Release|Any CPU
	EndGlobalSection
	GlobalSection(ProjectConfigurationPlatforms) = postSolution
		{ED52C80F-F8D9-4140-9175-D1DEAF72571F}.Debug|Any CPU.ActiveCfg = Debug|Any CPU
		{ED52C80F-F8D9-4140-9175-D1DEAF72571F}.Debug|Any CPU.Build.0 = Debug|Any CPU
		{ED52C80F-F8D9-4140-9175-D1DEAF72571F}.Release|Any CPU.ActiveCfg = Release|Any CPU
		{ED52C80F-F8D9-4140-9175-D1DEAF72571F}.Release|Any CPU.Build.0 = Release|Any CPU
	EndGlobalSection
	GlobalSection(SolutionProperties) = preSolution
		HideSolutionNode = FALSE
	EndGlobalSection
	GlobalSection(ExtensibilityGlobals) = postSolution
		SolutionGuid = {5E93882E-FD68-4A58-95A6-BDC68BFFF371}
	EndGlobalSection
EndGlobal
